{
  "name": "wit-nodejs-challenge",
  "version": "1.0.0",
  "lockfileVersion": 2,
  "requires": true,
  "packages": {
    "": {
      "name": "wit-nodejs-challenge",
      "version": "1.0.0",
      "license": "ISC",
      "dependencies": {
        "express": "npm:undefined@^"
      }
    },
    "node_modules/accepts": {
      "extraneous": true
    },
    "node_modules/array-flatten": {
      "extraneous": true
    },
    "node_modules/body-parser": {
      "extraneous": true
    },
    "node_modules/bytes": {
      "extraneous": true
    },
    "node_modules/content-disposition": {
      "extraneous": true
    },
    "node_modules/content-type": {
      "extraneous": true
    },
    "node_modules/cookie": {
      "extraneous": true
    },
    "node_modules/cookie-signature": {
      "extraneous": true
    },
    "node_modules/debug": {
      "extraneous": true
    },
    "node_modules/depd": {
      "extraneous": true
    },
    "node_modules/destroy": {
      "extraneous": true
    },
    "node_modules/ee-first": {
      "extraneous": true
    },
    "node_modules/encodeurl": {
      "extraneous": true
    },
    "node_modules/escape-html": {
      "extraneous": true
    },
    "node_modules/etag": {
      "extraneous": true
    },
    "node_modules/express": {},
    "node_modules/finalhandler": {
      "extraneous": true
    },
    "node_modules/forwarded": {
      "extraneous": true
    },
    "node_modules/fresh": {
      "extraneous": true
    },
    "node_modules/http-errors": {
      "extraneous": true
    },
    "node_modules/iconv-lite": {
      "extraneous": true
    },
    "node_modules/inherits": {
      "extraneous": true
    },
    "node_modules/ipaddr.js": {
      "extraneous": true
    },
    "node_modules/media-typer": {
      "extraneous": true
    },
    "node_modules/merge-descriptors": {
      "extraneous": true
    },
    "node_modules/methods": {
      "extraneous": true
    },
    "node_modules/mime": {
      "extraneous": true
    },
    "node_modules/mime-db": {
      "extraneous": true
    },
    "node_modules/mime-types": {
      "extraneous": true
    },
    "node_modules/ms": {
      "extraneous": true
    },
    "node_modules/negotiator": {
      "extraneous": true
    },
    "node_modules/on-finished": {
      "extraneous": true
    },
    "node_modules/parseurl": {
      "extraneous": true
    },
    "node_modules/path-to-regexp": {
      "extraneous": true
    },
    "node_modules/proxy-addr": {
      "extraneous": true
    },
    "node_modules/qs": {
      "extraneous": true
    },
    "node_modules/range-parser": {
      "extraneous": true
    },
    "node_modules/raw-body": {
      "extraneous": true
    },
    "node_modules/safe-buffer": {
      "extraneous": true
    },
    "node_modules/safer-buffer": {
      "extraneous": true
    },
    "node_modules/send": {
      "extraneous": true
    },
    "node_modules/send/node_modules/ms": {
      "extraneous": true
    },
    "node_modules/serve-static": {
      "extraneous": true
    },
    "node_modules/setprototypeof": {
      "extraneous": true
    },
    "node_modules/statuses": {
      "extraneous": true
    },
    "node_modules/toidentifier": {
      "extraneous": true
    },
    "node_modules/type-is": {
      "extraneous": true
    },
    "node_modules/unpipe": {
      "extraneous": true
    },
    "node_modules/utils-merge": {
      "extraneous": true
    },
    "node_modules/vary": {
      "extraneous": true
    }
  },
  "dependencies": {
    "accepts": {
      "extraneous": true
    },
    "array-flatten": {
      "extraneous": true
    },
    "body-parser": {
      "extraneous": true
    },
    "bytes": {
      "extraneous": true
    },
    "content-disposition": {
      "extraneous": true
    },
    "content-type": {
      "extraneous": true
    },
    "cookie": {
      "extraneous": true
    },
    "cookie-signature": {
      "extraneous": true
    },
    "debug": {
      "extraneous": true
    },
    "depd": {
      "extraneous": true
    },
    "destroy": {
      "extraneous": true
    },
    "ee-first": {
      "extraneous": true
    },
    "encodeurl": {
      "extraneous": true
    },
    "escape-html": {
      "extraneous": true
    },
    "etag": {
      "extraneous": true
    },
    "express": {},
    "finalhandler": {
      "extraneous": true
    },
    "forwarded": {
      "extraneous": true
    },
    "fresh": {
      "extraneous": true
    },
    "http-errors": {
      "extraneous": true
    },
    "iconv-lite": {
      "extraneous": true
    },
    "inherits": {
      "extraneous": true
    },
    "ipaddr.js": {
      "extraneous": true
    },
    "media-typer": {
      "extraneous": true
    },
    "merge-descriptors": {
      "extraneous": true
    },
    "methods": {
      "extraneous": true
    },
    "mime": {
      "extraneous": true
    },
    "mime-db": {
      "extraneous": true
    },
    "mime-types": {
      "extraneous": true
    },
    "ms": {
      "extraneous": true
    },
    "negotiator": {
      "extraneous": true
    },
    "on-finished": {
      "extraneous": true
    },
    "parseurl": {
      "extraneous": true
    },
    "path-to-regexp": {
      "extraneous": true
    },
    "proxy-addr": {
      "extraneous": true
    },
    "qs": {
      "extraneous": true
    },
    "range-parser": {
      "extraneous": true
    },
    "raw-body": {
      "extraneous": true
    },
    "safe-buffer": {
      "extraneous": true
    },
    "safer-buffer": {
      "extraneous": true
    },
    "send": {
      "extraneous": true,
      "dependencies": {
        "ms": {
          "extraneous": true
        }
      }
    },
    "serve-static": {
      "extraneous": true
    },
    "setprototypeof": {
      "extraneous": true
    },
    "statuses": {
      "extraneous": true
    },
    "toidentifier": {
      "extraneous": true
    },
    "type-is": {
      "extraneous": true
    },
    "unpipe": {
      "extraneous": true
    },
    "utils-merge": {
      "extraneous": true
    },
    "vary": {
      "extraneous": true
    }
  }
}
